
Microsoft Visual Studio Solution File, Format Version 12.00
# Visual Studio Version 17
VisualStudioVersion = 17.7.34009.444
MinimumVisualStudioVersion = 10.0.40219.1
Project("{9A19103F-16F7-4668-BE54-9A1E7A4F7556}") = "User", "User\User.csproj", "{FE20487C-DABD-49F4-BCD3-5CC9AA636FCA}"
EndProject
Global
	GlobalSection(SolutionConfigurationPlatforms) = preSolution
		Debug|Any CPU = Debug|Any CPU
		Release|Any CPU = Release|Any CPU
	EndGlobalSection
	GlobalSection(ProjectConfigurationPlatforms) = postSolution
		{FE20487C-DABD-49F4-BCD3-5CC9AA636FCA}.Debug|Any CPU.ActiveCfg = Debug|Any CPU
		{FE20487C-DABD-49F4-BCD3-5CC9AA636FCA}.Debug|Any CPU.Build.0 = Debug|Any CPU
		{FE20487C-DABD-49F4-BCD3-5CC9AA636FCA}.Release|Any CPU.ActiveCfg = Release|Any CPU
		{FE20487C-DABD-49F4-BCD3-5CC9AA636FCA}.Release|Any CPU.Build.0 = Release|Any CPU
	EndGlobalSection
	GlobalSection(SolutionProperties) = preSolution
		HideSolutionNode = FALSE
	EndGlobalSection
	GlobalSection(ExtensibilityGlobals) = postSolution
		SolutionGuid = {2002C2F9-1B72-468A-9144-FC706871612E}
	EndGlobalSection
EndGlobal
